// !$*UTF8*$!
{
	archiveVersion = 1;
	classes = {
	};
	objectVersion = 46;
	objects = {

/* Begin PBXBuildFile section */
		4731516C1B88214C00B75D93 /* AppDelegate.swift in Sources */ = {isa = PBXBuildFile; fileRef = 4731516B1B88214C00B75D93 /* AppDelegate.swift */; };
		473151711B88214D00B75D93 /* Main.storyboard in Resources */ = {isa = PBXBuildFile; fileRef = 4731516F1B88214D00B75D93 /* Main.storyboard */; };
		473151731B88214D00B75D93 /* Images.xcassets in Resources */ = {isa = PBXBuildFile; fileRef = 473151721B88214D00B75D93 /* Images.xcassets */; };
		473151761B88214D00B75D93 /* LaunchScreen.xib in Resources */ = {isa = PBXBuildFile; fileRef = 473151741B88214D00B75D93 /* LaunchScreen.xib */; };
		473151821B88214D00B75D93 /* LifeLogMusicTests.swift in Sources */ = {isa = PBXBuildFile; fileRef = 473151811B88214D00B75D93 /* LifeLogMusicTests.swift */; };
/* End PBXBuildFile section */

/* Begin PBXContainerItemProxy section */
		4731517C1B88214D00B75D93 /* PBXContainerItemProxy */ = {
			isa = PBXContainerItemProxy;
			containerPortal = 4731515E1B88214C00B75D93 /* Project object */;
			proxyType = 1;
			remoteGlobalIDString = 473151651B88214C00B75D93;
			remoteInfo = LifeLogMusic;
		};
/* End PBXContainerItemProxy section */

/* Begin PBXFileReference section */
		473151661B88214C00B75D93 /* LifeLogMusic.app */ = {isa = PBXFileReference; explicitFileType = wrapper.application; includeInIndex = 0; path = LifeLogMusic.app; sourceTree = BUILT_PRODUCTS_DIR; };
		4731516A1B88214C00B75D93 /* Info.plist */ = {isa = PBXFileReference; lastKnownFileType = text.plist.xml; path = Info.plist; sourceTree = "<group>"; };
		4731516B1B88214C00B75D93 /* AppDelegate.swift */ = {isa = PBXFileReference; lastKnownFileType = sourcecode.swift; path = AppDelegate.swift; sourceTree = "<group>"; };
		473151701B88214D00B75D93 /* Base */ = {isa = PBXFileReference; lastKnownFileType = file.storyboard; name = Base; path = Base.lproj/Main.storyboard; sourceTree = "<group>"; };
		473151721B88214D00B75D93 /* Images.xcassets */ = {isa = PBXFileReference; lastKnownFileType = folder.assetcatalog; path = Images.xcassets; sourceTree = "<group>"; };
		473151751B88214D00B75D93 /* Base */ = {isa = PBXFileReference; lastKnownFileType = file.xib; name = Base; path = Base.lproj/LaunchScreen.xib; sourceTree = "<group>"; };
		4731517B1B88214D00B75D93 /* LifeLogMusicTests.xctest */ = {isa = PBXFileReference; explicitFileType = wrapper.cfbundle; includeInIndex = 0; path = LifeLogMusicTests.xctest; sourceTree = BUILT_PRODUCTS_DIR; };
		473151801B88214D00B75D93 /* Info.plist */ = {isa = PBXFileReference; lastKnownFileType = text.plist.xml; path = Info.plist; sourceTree = "<group>"; };
		473151811B88214D00B75D93 /* LifeLogMusicTests.swift */ = {isa = PBXFileReference; lastKnownFileType = sourcecode.swift; path = LifeLogMusicTests.swift; sourceTree = "<group>"; };
/* End PBXFileReference section */

/* Begin PBXFrameworksBuildPhase section */
		473151631B88214C00B75D93 /* Frameworks */ = {
			isa = PBXFrameworksBuildPhase;
			buildActionMask = 2147483647;
			files = (
			);
			runOnlyForDeploymentPostprocessing = 0;
		};
		473151781B88214D00B75D93 /* Frameworks */ = {
			isa = PBXFrameworksBuildPhase;
			buildActionMask = 2147483647;
			files = (
			);
			runOnlyForDeploymentPostprocessing = 0;
		};
/* End PBXFrameworksBuildPhase section */

/* Begin PBXGroup section */
		4731515D1B88214C00B75D93 = {
			isa = PBXGroup;
			children = (
				473151681B88214C00B75D93 /* LifeLogMusic */,
				4731517E1B88214D00B75D93 /* LifeLogMusicTests */,
				473151671B88214C00B75D93 /* Products */,
			);
			sourceTree = "<group>";
		};
		473151671B88214C00B75D93 /* Products */ = {
			isa = PBXGroup;
			children = (
				473151661B88214C00B75D93 /* LifeLogMusic.app */,
				4731517B1B88214D00B75D93 /* LifeLogMusicTests.xctest */,
			);
			name = Products;
			sourceTree = "<group>";
		};
		473151681B88214C00B75D93 /* LifeLogMusic */ = {
			isa = PBXGroup;
			children = (
				4731516B1B88214C00B75D93 /* AppDelegate.swift */,
				4731516F1B88214D00B75D93 /* Main.storyboard */,
				473151721B88214D00B75D93 /* Images.xcassets */,
				473151741B88214D00B75D93 /* LaunchScreen.xib */,
				473151691B88214C00B75D93 /* Supporting Files */,
			);
			path = LifeLogMusic;
			sourceTree = "<group>";
		};
		473151691B88214C00B75D93 /* Supporting Files */ = {
			isa = PBXGroup;
			children = (
				4731516A1B88214C00B75D93 /* Info.plist */,
			);
			name = "Supporting Files";
			sourceTree = "<group>";
		};
		4731517E1B88214D00B75D93 /* LifeLogMusicTests */ = {
			isa = PBXGroup;
			children = (
				473151811B88214D00B75D93 /* LifeLogMusicTests.swift */,
				4731517F1B88214D00B75D93 /* Supporting Files */,
			);
			path = LifeLogMusicTests;
			sourceTree = "<group>";
		};
		4731517F1B88214D00B75D93 /* Supporting Files */ = {
			isa = PBXGroup;
			children = (
				473151801B88214D00B75D93 /* Info.plist */,
			);
			name = "Supporting Files";
			sourceTree = "<group>";
		};
/* End PBXGroup section */

/* Begin PBXNativeTarget section */
		473151651B88214C00B75D93 /* LifeLogMusic */ = {
			isa = PBXNativeTarget;
			buildConfigurationList = 473151851B88214D00B75D93 /* Build configuration list for PBXNativeTarget "LifeLogMusic" */;
			buildPhases = (
				473151621B88214C00B75D93 /* Sources */,
				473151631B88214C00B75D93 /* Frameworks */,
				473151641B88214C00B75D93 /* Resources */,
			);
			buildRules = (
			);
			dependencies = (
			);
			name = LifeLogMusic;
			productName = LifeLogMusic;
			productReference = 473151661B88214C00B75D93 /* LifeLogMusic.app */;
			productType = "com.apple.product-type.application";
		};
		4731517A1B88214D00B75D93 /* LifeLogMusicTests */ = {
			isa = PBXNativeTarget;
			buildConfigurationList = 473151881B88214D00B75D93 /* Build configuration list for PBXNativeTarget "LifeLogMusicTests" */;
			buildPhases = (
				473151771B88214D00B75D93 /* Sources */,
				473151781B88214D00B75D93 /* Frameworks */,
				473151791B88214D00B75D93 /* Resources */,
			);
			buildRules = (
			);
			dependencies = (
				4731517D1B88214D00B75D93 /* PBXTargetDependency */,
			);
			name = LifeLogMusicTests;
			productName = LifeLogMusicTests;
			productReference = 4731517B1B88214D00B75D93 /* LifeLogMusicTests.xctest */;
			productType = "com.apple.product-type.bundle.unit-test";
		};
/* End PBXNativeTarget section */

/* Begin PBXProject section */
		4731515E1B88214C00B75D93 /* Project object */ = {
			isa = PBXProject;
			attributes = {
				LastUpgradeCheck = 0640;
				ORGANIZATIONNAME = PhysicalEngine;
				TargetAttributes = {
					473151651B88214C00B75D93 = {
						CreatedOnToolsVersion = 6.4;
					};
					4731517A1B88214D00B75D93 = {
						CreatedOnToolsVersion = 6.4;
						TestTargetID = 473151651B88214C00B75D93;
					};
				};
			};
			buildConfigurationList = 473151611B88214C00B75D93 /* Build configuration list for PBXProject "LifeLogMusic" */;
			compatibilityVersion = "Xcode 3.2";
			developmentRegion = English;
			hasScannedForEncodings = 0;
			knownRegions = (
				en,
				Base,
			);
			mainGroup = 4731515D1B88214C00B75D93;
			productRefGroup = 473151671B88214C00B75D93 /* Products */;
			projectDirPath = "";
			projectRoot = "";
			targets = (
				473151651B88214C00B75D93 /* LifeLogMusic */,
				4731517A1B88214D00B75D93 /* LifeLogMusicTests */,
			);
		};
/* End PBXProject section */

/* Begin PBXResourcesBuildPhase section */
		473151641B88214C00B75D93 /* Resources */ = {
			isa = PBXResourcesBuildPhase;
			buildActionMask = 2147483647;
			files = (
				473151711B88214D00B75D93 /* Main.storyboard in Resources */,
				473151761B88214D00B75D93 /* LaunchScreen.xib in Resources */,
				473151731B88214D00B75D93 /* Images.xcassets in Resources */,
			);
			runOnlyForDeploymentPostprocessing = 0;
		};
		473151791B88214D00B75D93 /* Resources */ = {
			isa = PBXResourcesBuildPhase;
			buildActionMask = 2147483647;
			files = (
			);
			runOnlyForDeploymentPostprocessing = 0;
		};
/* End PBXResourcesBuildPhase section */

/* Begin PBXSourcesBuildPhase section */
		473151621B88214C00B75D93 /* Sources */ = {
			isa = PBXSourcesBuildPhase;
			buildActionMask = 2147483647;
			files = (
				4731516C1B88214C00B75D93 /* AppDelegate.swift in Sources */,
			);
			runOnlyForDeploymentPostprocessing = 0;
		};
		473151771B88214D00B75D93 /* Sources */ = {
			isa = PBXSourcesBuildPhase;
			buildActionMask = 2147483647;
			files = (
				473151821B88214D00B75D93 /* LifeLogMusicTests.swift in Sources */,
			);
			runOnlyForDeploymentPostprocessing = 0;
		};
/* End PBXSourcesBuildPhase section */

/* Begin PBXTargetDependency section */
		4731517D1B88214D00B75D93 /* PBXTargetDependency */ = {
			isa = PBXTargetDependency;
			target = 473151651B88214C00B75D93 /* LifeLogMusic */;
			targetProxy = 4731517C1B88214D00B75D93 /* PBXContainerItemProxy */;
		};
/* End PBXTargetDependency section */

/* Begin PBXVariantGroup section */
		4731516F1B88214D00B75D93 /* Main.storyboard */ = {
			isa = PBXVariantGroup;
			children = (
				473151701B88214D00B75D93 /* Base */,
			);
			name = Main.storyboard;
			sourceTree = "<group>";
		};
		473151741B88214D00B75D93 /* LaunchScreen.xib */ = {
			isa = PBXVariantGroup;
			children = (
				473151751B88214D00B75D93 /* Base */,
			);
			name = LaunchScreen.xib;
			sourceTree = "<group>";
		};
/* End PBXVariantGroup section */

/* Begin XCBuildConfiguration section */
		473151831B88214D00B75D93 /* Debug */ = {
			isa = XCBuildConfiguration;
			buildSettings = {
				ALWAYS_SEARCH_USER_PATHS = NO;
				CLANG_CXX_LANGUAGE_STANDARD = "gnu++0x";
				CLANG_CXX_LIBRARY = "libc++";
				CLANG_ENABLE_MODULES = YES;
				CLANG_ENABLE_OBJC_ARC = YES;
				CLANG_WARN_BOOL_CONVERSION = YES;
				CLANG_WARN_CONSTANT_CONVERSION = YES;
				CLANG_WARN_DIRECT_OBJC_ISA_USAGE = YES_ERROR;
				CLANG_WARN_EMPTY_BODY = YES;
				CLANG_WARN_ENUM_CONVERSION = YES;
				CLANG_WARN_INT_CONVERSION = YES;
				CLANG_WARN_OBJC_ROOT_CLASS = YES_ERROR;
				CLANG_WARN_UNREACHABLE_CODE = YES;
				CLANG_WARN__DUPLICATE_METHOD_MATCH = YES;
				"CODE_SIGN_IDENTITY[sdk=iphoneos*]" = "iPhone Developer";
				COPY_PHASE_STRIP = NO;
				DEBUG_INFORMATION_FORMAT = "dwarf-with-dsym";
				ENABLE_STRICT_OBJC_MSGSEND = YES;
				GCC_C_LANGUAGE_STANDARD = gnu99;
				GCC_DYNAMIC_NO_PIC = NO;
				GCC_NO_COMMON_BLOCKS = YES;
				GCC_OPTIMIZATION_LEVEL = 0;
				GCC_PREPROCESSOR_DEFINITIONS = (
					"DEBUG=1",
					"$(inherited)",
				);
				GCC_SYMBOLS_PRIVATE_EXTERN = NO;
				GCC_WARN_64_TO_32_BIT_CONVERSION = YES;
				GCC_WARN_ABOUT_RETURN_TYPE = YES_ERROR;
				GCC_WARN_UNDECLARED_SELECTOR = YES;
				GCC_WARN_UNINITIALIZED_AUTOS = YES_AGGRESSIVE;
				GCC_WARN_UNUSED_FUNCTION = YES;
				GCC_WARN_UNUSED_VARIABLE = YES;
				IPHONEOS_DEPLOYMENT_TARGET = 8.4;
				MTL_ENABLE_DEBUG_INFO = YES;
				ONLY_ACTIVE_ARCH = YES;
				SDKROOT = iphoneos;
				SWIFT_OPTIMIZATION_LEVEL = "-Onone";
			};
			name = Debug;
		};
		473151841B88214D00B75D93 /* Release */ = {
			isa = XCBuildConfiguration;
			buildSettings = {
				ALWAYS_SEARCH_USER_PATHS = NO;
				CLANG_CXX_LANGUAGE_STANDARD = "gnu++0x";
				CLANG_CXX_LIBRARY = "libc++";
				CLANG_ENABLE_MODULES = YES;
				CLANG_ENABLE_OBJC_ARC = YES;
				CLANG_WARN_BOOL_CONVERSION = YES;
				CLANG_WARN_CONSTANT_CONVERSION = YES;
				CLANG_WARN_DIRECT_OBJC_ISA_USAGE = YES_ERROR;
				CLANG_WARN_EMPTY_BODY = YES;
				CLANG_WARN_ENUM_CONVERSION = YES;
				CLANG_WARN_INT_CONVERSION = YES;
				CLANG_WARN_OBJC_ROOT_CLASS = YES_ERROR;
				CLANG_WARN_UNREACHABLE_CODE = YES;
				CLANG_WARN__DUPLICATE_METHOD_MATCH = YES;
				"CODE_SIGN_IDENTITY[sdk=iphoneos*]" = "iPhone Developer";
				COPY_PHASE_STRIP = NO;
				DEBUG_INFORMATION_FORMAT = "dwarf-with-dsym";
				ENABLE_NS_ASSERTIONS = NO;
				ENABLE_STRICT_OBJC_MSGSEND = YES;
				GCC_C_LANGUAGE_STANDARD = gnu99;
				GCC_NO_COMMON_BLOCKS = YES;
				GCC_WARN_64_TO_32_BIT_CONVERSION = YES;
				GCC_WARN_ABOUT_RETURN_TYPE = YES_ERROR;
				GCC_WARN_UNDECLARED_SELECTOR = YES;
				GCC_WARN_UNINITIALIZED_AUTOS = YES_AGGRESSIVE;
				GCC_WARN_UNUSED_FUNCTION = YES;
				GCC_WARN_UNUSED_VARIABLE = YES;
				IPHONEOS_DEPLOYMENT_TARGET = 8.4;
				MTL_ENABLE_DEBUG_INFO = NO;
				SDKROOT = iphoneos;
				VALIDATE_PRODUCT = YES;
			};
			name = Release;
		};
		473151861B88214D00B75D93 /* Debug */ = {
			isa = XCBuildConfiguration;
			buildSettings = {
				ASSETCATALOG_COMPILER_APPICON_NAME = AppIcon;
				INFOPLIST_FILE = LifeLogMusic/Info.plist;
				LD_RUNPATH_SEARCH_PATHS = "$(inherited) @executable_path/Frameworks";
				PRODUCT_NAME = "$(TARGET_NAME)";
			};
			name = Debug;
		};
		473151871B88214D00B75D93 /* Release */ = {
			isa = XCBuildConfiguration;
			buildSettings = {
				ASSETCATALOG_COMPILER_APPICON_NAME = AppIcon;
				INFOPLIST_FILE = LifeLogMusic/Info.plist;
				LD_RUNPATH_SEARCH_PATHS = "$(inherited) @executable_path/Frameworks";
				PRODUCT_NAME = "$(TARGET_NAME)";
			};
			name = Release;
		};
		473151891B88214D00B75D93 /* Debug */ = {
			isa = XCBuildConfiguration;
			buildSettings = {
				BUNDLE_LOADER = "$(TEST_HOST)";
				FRAMEWORK_SEARCH_PATHS = (
					"$(SDKROOT)/Developer/Library/Frameworks",
					"$(inherited)",
				);
				GCC_PREPROCESSOR_DEFINITIONS = (
					"DEBUG=1",
					"$(inherited)",
				);
				INFOPLIST_FILE = LifeLogMusicTests/Info.plist;
				LD_RUNPATH_SEARCH_PATHS = "$(inherited) @executable_path/Frameworks @loader_path/Frameworks";
				PRODUCT_NAME = "$(TARGET_NAME)";
				TEST_HOST = "$(BUILT_PRODUCTS_DIR)/LifeLogMusic.app/LifeLogMusic";
			};
			name = Debug;
		};
		4731518A1B88214D00B75D93 /* Release */ = {
			isa = XCBuildConfiguration;
			buildSettings = {
				BUNDLE_LOADER = "$(TEST_HOST)";
				FRAMEWORK_SEARCH_PATHS = (
					"$(SDKROOT)/Developer/Library/Frameworks",
					"$(inherited)",
				);
				INFOPLIST_FILE = LifeLogMusicTests/Info.plist;
				LD_RUNPATH_SEARCH_PATHS = "$(inherited) @executable_path/Frameworks @loader_path/Frameworks";
				PRODUCT_NAME = "$(TARGET_NAME)";
				TEST_HOST = "$(BUILT_PRODUCTS_DIR)/LifeLogMusic.app/LifeLogMusic";
			};
			name = Release;
		};
/* End XCBuildConfiguration section */

/* Begin XCConfigurationList section */
		473151611B88214C00B75D93 /* Build configuration list for PBXProject "LifeLogMusic" */ = {
			isa = XCConfigurationList;
			buildConfigurations = (
				473151831B88214D00B75D93 /* Debug */,
				473151841B88214D00B75D93 /* Release */,
			);
			defaultConfigurationIsVisible = 0;
			defaultConfigurationName = Release;
		};
		473151851B88214D00B75D93 /* Build configuration list for PBXNativeTarget "LifeLogMusic" */ = {
			isa = XCConfigurationList;
			buildConfigurations = (
				473151861B88214D00B75D93 /* Debug */,
				473151871B88214D00B75D93 /* Release */,
			);
			defaultConfigurationIsVisible = 0;
			defaultConfigurationName = Release;
		};
		473151881B88214D00B75D93 /* Build configuration list for PBXNativeTarget "LifeLogMusicTests" */ = {
			isa = XCConfigurationList;
			buildConfigurations = (
				473151891B88214D00B75D93 /* Debug */,
				4731518A1B88214D00B75D93 /* Release */,
			);
			defaultConfigurationIsVisible = 0;
			defaultConfigurationName = Release;
		};
/* End XCConfigurationList section */
	};
	rootObject = 4731515E1B88214C00B75D93 /* Project object */;
}
